
Microsoft Visual Studio Solution File, Format Version 12.00
# Visual Studio Version 17
VisualStudioVersion = 17.4.33213.308
MinimumVisualStudioVersion = 10.0.40219.1
Project("{FAE04EC0-301F-11D3-BF4B-00C04F79EFBC}") = "Rinku.Entities", "Rinku.Entities\Rinku.Entities.csproj", "{C58CD2D8-2BE1-417E-B21B-E1AF6808766A}"
EndProject
Global
	GlobalSection(SolutionConfigurationPlatforms) = preSolution
		Debug|Any CPU = Debug|Any CPU
		Release|Any CPU = Release|Any CPU
	EndGlobalSection
	GlobalSection(ProjectConfigurationPlatforms) = postSolution
		{C58CD2D8-2BE1-417E-B21B-E1AF6808766A}.Debug|Any CPU.ActiveCfg = Debug|Any CPU
		{C58CD2D8-2BE1-417E-B21B-E1AF6808766A}.Debug|Any CPU.Build.0 = Debug|Any CPU
		{C58CD2D8-2BE1-417E-B21B-E1AF6808766A}.Release|Any CPU.ActiveCfg = Release|Any CPU
		{C58CD2D8-2BE1-417E-B21B-E1AF6808766A}.Release|Any CPU.Build.0 = Release|Any CPU
	EndGlobalSection
	GlobalSection(SolutionProperties) = preSolution
		HideSolutionNode = FALSE
	EndGlobalSection
	GlobalSection(ExtensibilityGlobals) = postSolution
		SolutionGuid = {A039E43D-929B-422B-AA4C-F68B259151B9}
	EndGlobalSection
EndGlobal
